
Microsoft Visual Studio Solution File, Format Version 12.00
# Visual Studio Version 16
VisualStudioVersion = 16.0.31025.194
MinimumVisualStudioVersion = 10.0.40219.1
Project("{8BC9CEB8-8B4A-11D0-8D11-00A0C91BC942}") = "Lab_3_3_C", "Lab_3_3_C\Lab_3_3_C.vcxproj", "{F79CA1CB-61DE-461D-A35A-7D2B52996A66}"
EndProject
Project("{8BC9CEB8-8B4A-11D0-8D11-00A0C91BC942}") = "Lab_test_3_3_C", "Lab_test_3_3_C\Lab_test_3_3_C.vcxproj", "{62785168-A8CD-4AA0-83FE-BF768259C374}"
EndProject
Global
	GlobalSection(SolutionConfigurationPlatforms) = preSolution
		Debug|x64 = Debug|x64
		Debug|x86 = Debug|x86
		Release|x64 = Release|x64
		Release|x86 = Release|x86
	EndGlobalSection
	GlobalSection(ProjectConfigurationPlatforms) = postSolution
		{F79CA1CB-61DE-461D-A35A-7D2B52996A66}.Debug|x64.ActiveCfg = Debug|x64
		{F79CA1CB-61DE-461D-A35A-7D2B52996A66}.Debug|x64.Build.0 = Debug|x64
		{F79CA1CB-61DE-461D-A35A-7D2B52996A66}.Debug|x86.ActiveCfg = Debug|Win32
		{F79CA1CB-61DE-461D-A35A-7D2B52996A66}.Debug|x86.Build.0 = Debug|Win32
		{F79CA1CB-61DE-461D-A35A-7D2B52996A66}.Release|x64.ActiveCfg = Release|x64
		{F79CA1CB-61DE-461D-A35A-7D2B52996A66}.Release|x64.Build.0 = Release|x64
		{F79CA1CB-61DE-461D-A35A-7D2B52996A66}.Release|x86.ActiveCfg = Release|Win32
		{F79CA1CB-61DE-461D-A35A-7D2B52996A66}.Release|x86.Build.0 = Release|Win32
		{62785168-A8CD-4AA0-83FE-BF768259C374}.Debug|x64.ActiveCfg = Debug|x64
		{62785168-A8CD-4AA0-83FE-BF768259C374}.Debug|x64.Build.0 = Debug|x64
		{62785168-A8CD-4AA0-83FE-BF768259C374}.Debug|x86.ActiveCfg = Debug|Win32
		{62785168-A8CD-4AA0-83FE-BF768259C374}.Debug|x86.Build.0 = Debug|Win32
		{62785168-A8CD-4AA0-83FE-BF768259C374}.Release|x64.ActiveCfg = Release|x64
		{62785168-A8CD-4AA0-83FE-BF768259C374}.Release|x64.Build.0 = Release|x64
		{62785168-A8CD-4AA0-83FE-BF768259C374}.Release|x86.ActiveCfg = Release|Win32
		{62785168-A8CD-4AA0-83FE-BF768259C374}.Release|x86.Build.0 = Release|Win32
	EndGlobalSection
	GlobalSection(SolutionProperties) = preSolution
		HideSolutionNode = FALSE
	EndGlobalSection
	GlobalSection(ExtensibilityGlobals) = postSolution
		SolutionGuid = {9A2C7214-B0A9-4376-84B4-18E9BEE46542}
	EndGlobalSection
EndGlobal
